
Microsoft Visual Studio Solution File, Format Version 12.00
# Visual Studio Version 16
VisualStudioVersion = 16.0.30204.135
MinimumVisualStudioVersion = 10.0.40219.1
Project("{FAE04EC0-301F-11D3-BF4B-00C04F79EFBC}") = "WebApi2_Books", "WebApi2_Books\WebApi2_Books.csproj", "{E2B668F2-4467-4645-B7AF-B1F72C906AA3}"
EndProject
Global
	GlobalSection(SolutionConfigurationPlatforms) = preSolution
		Debug|Any CPU = Debug|Any CPU
		Release|Any CPU = Release|Any CPU
	EndGlobalSection
	GlobalSection(ProjectConfigurationPlatforms) = postSolution
		{E2B668F2-4467-4645-B7AF-B1F72C906AA3}.Debug|Any CPU.ActiveCfg = Debug|Any CPU
		{E2B668F2-4467-4645-B7AF-B1F72C906AA3}.Debug|Any CPU.Build.0 = Debug|Any CPU
		{E2B668F2-4467-4645-B7AF-B1F72C906AA3}.Release|Any CPU.ActiveCfg = Release|Any CPU
		{E2B668F2-4467-4645-B7AF-B1F72C906AA3}.Release|Any CPU.Build.0 = Release|Any CPU
	EndGlobalSection
	GlobalSection(SolutionProperties) = preSolution
		HideSolutionNode = FALSE
	EndGlobalSection
	GlobalSection(ExtensibilityGlobals) = postSolution
		SolutionGuid = {2A10D54B-A70B-4C9D-8616-A72CD960BDB9}
	EndGlobalSection
EndGlobal
